
Microsoft Visual Studio Solution File, Format Version 12.00
# Visual Studio 14
VisualStudioVersion = 14.0.25420.1
MinimumVisualStudioVersion = 10.0.40219.1
Project("{2150E333-8FDC-42A3-9474-1A3956D46DE8}") = "dacpacs", "dacpacs", "{2AF45DE5-8397-4AFA-A8F9-ED0DF9104014}"
	ProjectSection(SolutionItems) = preProject
		dacpacs\Log4TSql_SQL2008.dacpac = dacpacs\Log4TSql_SQL2008.dacpac
	EndProjectSection
EndProject
Project("{00D1A9C2-B5F0-4AF3-8072-F6C62B433612}") = "Log4TSql_2005", "Log4TSql_2005\Log4TSql_2005.sqlproj", "{BB317214-6335-420B-A8B1-FDDA02C062EC}"
EndProject
Project("{00D1A9C2-B5F0-4AF3-8072-F6C62B433612}") = "Log4TSql_2008", "Log4TSql_2008\Log4TSql_2008.sqlproj", "{8258B280-82ED-426C-9E6E-DE9D5F137BA5}"
EndProject
Project("{00D1A9C2-B5F0-4AF3-8072-F6C62B433612}") = "Log4TSql_Common", "Log4TSql_Common\Log4TSql_Common.sqlproj", "{97676EFF-36DE-4870-B703-C6CB46E16977}"
EndProject
Global
	GlobalSection(SolutionConfigurationPlatforms) = preSolution
		Debug|Any CPU = Debug|Any CPU
		Release|Any CPU = Release|Any CPU
	EndGlobalSection
	GlobalSection(ProjectConfigurationPlatforms) = postSolution
		{BB317214-6335-420B-A8B1-FDDA02C062EC}.Debug|Any CPU.ActiveCfg = Debug|Any CPU
		{BB317214-6335-420B-A8B1-FDDA02C062EC}.Debug|Any CPU.Build.0 = Debug|Any CPU
		{BB317214-6335-420B-A8B1-FDDA02C062EC}.Debug|Any CPU.Deploy.0 = Debug|Any CPU
		{BB317214-6335-420B-A8B1-FDDA02C062EC}.Release|Any CPU.ActiveCfg = Release|Any CPU
		{BB317214-6335-420B-A8B1-FDDA02C062EC}.Release|Any CPU.Build.0 = Release|Any CPU
		{BB317214-6335-420B-A8B1-FDDA02C062EC}.Release|Any CPU.Deploy.0 = Release|Any CPU
		{8258B280-82ED-426C-9E6E-DE9D5F137BA5}.Debug|Any CPU.ActiveCfg = Debug|Any CPU
		{8258B280-82ED-426C-9E6E-DE9D5F137BA5}.Debug|Any CPU.Build.0 = Debug|Any CPU
		{8258B280-82ED-426C-9E6E-DE9D5F137BA5}.Debug|Any CPU.Deploy.0 = Debug|Any CPU
		{8258B280-82ED-426C-9E6E-DE9D5F137BA5}.Release|Any CPU.ActiveCfg = Release|Any CPU
		{8258B280-82ED-426C-9E6E-DE9D5F137BA5}.Release|Any CPU.Build.0 = Release|Any CPU
		{8258B280-82ED-426C-9E6E-DE9D5F137BA5}.Release|Any CPU.Deploy.0 = Release|Any CPU
		{97676EFF-36DE-4870-B703-C6CB46E16977}.Debug|Any CPU.ActiveCfg = Debug|Any CPU
		{97676EFF-36DE-4870-B703-C6CB46E16977}.Debug|Any CPU.Build.0 = Debug|Any CPU
		{97676EFF-36DE-4870-B703-C6CB46E16977}.Debug|Any CPU.Deploy.0 = Debug|Any CPU
		{97676EFF-36DE-4870-B703-C6CB46E16977}.Release|Any CPU.ActiveCfg = Release|Any CPU
		{97676EFF-36DE-4870-B703-C6CB46E16977}.Release|Any CPU.Build.0 = Release|Any CPU
		{97676EFF-36DE-4870-B703-C6CB46E16977}.Release|Any CPU.Deploy.0 = Release|Any CPU
	EndGlobalSection
	GlobalSection(SolutionProperties) = preSolution
		HideSolutionNode = FALSE
	EndGlobalSection
EndGlobal
